
Microsoft Visual Studio Solution File, Format Version 12.00
# Visual Studio Version 17
VisualStudioVersion = 17.0.31903.59
MinimumVisualStudioVersion = 10.0.40219.1
Project("{FAE04EC0-301F-11D3-BF4B-00C04F79EFBC}") = "Shopularity.Contracts", "app\Shopularity.Contracts\Shopularity.Contracts.csproj", "{613A8559-8E83-457F-9360-FC6A2FB06F95}"
EndProject
Project("{FAE04EC0-301F-11D3-BF4B-00C04F79EFBC}") = "Shopularity.Public", "app\Shopularity.Public\Shopularity.Public.csproj", "{21973EBE-6B68-4AEC-905A-7D98ADEEE6EF}"
EndProject
Project("{FAE04EC0-301F-11D3-BF4B-00C04F79EFBC}") = "Shopularity.Admin", "app\Shopularity.Admin\Shopularity.Admin.csproj", "{88504AF0-DE4D-4662-8AE3-E3032E3838AA}"
EndProject
Project("{FAE04EC0-301F-11D3-BF4B-00C04F79EFBC}") = "Shopularity.Admin.Client", "app\Shopularity.Admin.Client\Shopularity.Admin.Client.csproj", "{2EDDDC2D-A195-473D-8856-26E63710E0BE}"
EndProject
Global
	GlobalSection(SolutionConfigurationPlatforms) = preSolution
		Debug|Any CPU = Debug|Any CPU
		Debug|x64 = Debug|x64
		Debug|x86 = Debug|x86
		Release|Any CPU = Release|Any CPU
		Release|x64 = Release|x64
		Release|x86 = Release|x86
	EndGlobalSection
	GlobalSection(ProjectConfigurationPlatforms) = postSolution
		{613A8559-8E83-457F-9360-FC6A2FB06F95}.Debug|Any CPU.ActiveCfg = Debug|Any CPU
		{613A8559-8E83-457F-9360-FC6A2FB06F95}.Debug|Any CPU.Build.0 = Debug|Any CPU
		{613A8559-8E83-457F-9360-FC6A2FB06F95}.Debug|x64.ActiveCfg = Debug|Any CPU
		{613A8559-8E83-457F-9360-FC6A2FB06F95}.Debug|x64.Build.0 = Debug|Any CPU
		{613A8559-8E83-457F-9360-FC6A2FB06F95}.Debug|x86.ActiveCfg = Debug|Any CPU
		{613A8559-8E83-457F-9360-FC6A2FB06F95}.Debug|x86.Build.0 = Debug|Any CPU
		{613A8559-8E83-457F-9360-FC6A2FB06F95}.Release|Any CPU.ActiveCfg = Release|Any CPU
		{613A8559-8E83-457F-9360-FC6A2FB06F95}.Release|Any CPU.Build.0 = Release|Any CPU
		{613A8559-8E83-457F-9360-FC6A2FB06F95}.Release|x64.ActiveCfg = Release|Any CPU
		{613A8559-8E83-457F-9360-FC6A2FB06F95}.Release|x64.Build.0 = Release|Any CPU
		{613A8559-8E83-457F-9360-FC6A2FB06F95}.Release|x86.ActiveCfg = Release|Any CPU
		{613A8559-8E83-457F-9360-FC6A2FB06F95}.Release|x86.Build.0 = Release|Any CPU
		{21973EBE-6B68-4AEC-905A-7D98ADEEE6EF}.Debug|Any CPU.ActiveCfg = Debug|Any CPU
		{21973EBE-6B68-4AEC-905A-7D98ADEEE6EF}.Debug|Any CPU.Build.0 = Debug|Any CPU
		{21973EBE-6B68-4AEC-905A-7D98ADEEE6EF}.Debug|x64.ActiveCfg = Debug|Any CPU
		{21973EBE-6B68-4AEC-905A-7D98ADEEE6EF}.Debug|x64.Build.0 = Debug|Any CPU
		{21973EBE-6B68-4AEC-905A-7D98ADEEE6EF}.Debug|x86.ActiveCfg = Debug|Any CPU
		{21973EBE-6B68-4AEC-905A-7D98ADEEE6EF}.Debug|x86.Build.0 = Debug|Any CPU
		{21973EBE-6B68-4AEC-905A-7D98ADEEE6EF}.Release|Any CPU.ActiveCfg = Release|Any CPU
		{21973EBE-6B68-4AEC-905A-7D98ADEEE6EF}.Release|Any CPU.Build.0 = Release|Any CPU
		{21973EBE-6B68-4AEC-905A-7D98ADEEE6EF}.Release|x64.ActiveCfg = Release|Any CPU
		{21973EBE-6B68-4AEC-905A-7D98ADEEE6EF}.Release|x64.Build.0 = Release|Any CPU
		{21973EBE-6B68-4AEC-905A-7D98ADEEE6EF}.Release|x86.ActiveCfg = Release|Any CPU
		{21973EBE-6B68-4AEC-905A-7D98ADEEE6EF}.Release|x86.Build.0 = Release|Any CPU
		{88504AF0-DE4D-4662-8AE3-E3032E3838AA}.Debug|Any CPU.ActiveCfg = Debug|Any CPU
		{88504AF0-DE4D-4662-8AE3-E3032E3838AA}.Debug|Any CPU.Build.0 = Debug|Any CPU
		{88504AF0-DE4D-4662-8AE3-E3032E3838AA}.Debug|x64.ActiveCfg = Debug|Any CPU
		{88504AF0-DE4D-4662-8AE3-E3032E3838AA}.Debug|x64.Build.0 = Debug|Any CPU
		{88504AF0-DE4D-4662-8AE3-E3032E3838AA}.Debug|x86.ActiveCfg = Debug|Any CPU
		{88504AF0-DE4D-4662-8AE3-E3032E3838AA}.Debug|x86.Build.0 = Debug|Any CPU
		{88504AF0-DE4D-4662-8AE3-E3032E3838AA}.Release|Any CPU.ActiveCfg = Release|Any CPU
		{88504AF0-DE4D-4662-8AE3-E3032E3838AA}.Release|Any CPU.Build.0 = Release|Any CPU
		{88504AF0-DE4D-4662-8AE3-E3032E3838AA}.Release|x64.ActiveCfg = Release|Any CPU
		{88504AF0-DE4D-4662-8AE3-E3032E3838AA}.Release|x64.Build.0 = Release|Any CPU
		{88504AF0-DE4D-4662-8AE3-E3032E3838AA}.Release|x86.ActiveCfg = Release|Any CPU
		{88504AF0-DE4D-4662-8AE3-E3032E3838AA}.Release|x86.Build.0 = Release|Any CPU
		{2EDDDC2D-A195-473D-8856-26E63710E0BE}.Debug|Any CPU.ActiveCfg = Debug|Any CPU
		{2EDDDC2D-A195-473D-8856-26E63710E0BE}.Debug|Any CPU.Build.0 = Debug|Any CPU
		{2EDDDC2D-A195-473D-8856-26E63710E0BE}.Debug|x64.ActiveCfg = Debug|Any CPU
		{2EDDDC2D-A195-473D-8856-26E63710E0BE}.Debug|x64.Build.0 = Debug|Any CPU
		{2EDDDC2D-A195-473D-8856-26E63710E0BE}.Debug|x86.ActiveCfg = Debug|Any CPU
		{2EDDDC2D-A195-473D-8856-26E63710E0BE}.Debug|x86.Build.0 = Debug|Any CPU
		{2EDDDC2D-A195-473D-8856-26E63710E0BE}.Release|Any CPU.ActiveCfg = Release|Any CPU
		{2EDDDC2D-A195-473D-8856-26E63710E0BE}.Release|Any CPU.Build.0 = Release|Any CPU
		{2EDDDC2D-A195-473D-8856-26E63710E0BE}.Release|x64.ActiveCfg = Release|Any CPU
		{2EDDDC2D-A195-473D-8856-26E63710E0BE}.Release|x64.Build.0 = Release|Any CPU
		{2EDDDC2D-A195-473D-8856-26E63710E0BE}.Release|x86.ActiveCfg = Release|Any CPU
		{2EDDDC2D-A195-473D-8856-26E63710E0BE}.Release|x86.Build.0 = Release|Any CPU
	EndGlobalSection
	GlobalSection(SolutionProperties) = preSolution
		HideSolutionNode = FALSE
	EndGlobalSection
	GlobalSection(ExtensibilityGlobals) = postSolution
		SolutionGuid = {63E2660C-C1D9-4768-90FD-289F36581842}
	EndGlobalSection
EndGlobal
