
Microsoft Visual Studio Solution File, Format Version 12.00
# Visual Studio Version 17
VisualStudioVersion = 17.0.31903.59
MinimumVisualStudioVersion = 10.0.40219.1
Project("{FAE04EC0-301F-11D3-BF4B-00C04F79EFBB}") = "Shopularity.Basket", "Shopularity.Basket\Shopularity.Basket.csproj", "{4E18261C-E70B-4DC8-B0B0-6E380350256A}"
EndProject
Project("{FAE04EC0-301F-11D3-BF4B-00C04F79EFBC}") = "Shopularity.Basket.Contracts", "Shopularity.Basket.Contracts\Shopularity.Basket.Contracts.csproj", "{4E18261C-E70B-4DC8-B0B0-6E380350256B}"
EndProject
Project("{FAE04EC0-301F-11D3-BF4B-00C04F79EFBD}") = "Shopularity.Basket.Tests", "Shopularity.Basket.Tests\Shopularity.Basket.Tests.csproj", "{4E18261C-E70B-4DC8-B0B0-6E380350256C}"
EndProject
Project("{FAE04EC0-301F-11D3-BF4B-00C04F79EFBC}") = "Shopularity.Basket.Blazor", "Shopularity.Basket.Blazor\Shopularity.Basket.Blazor.csproj", "{827FCC18-A22B-4175-82CD-1233F6DEE8FB}"
EndProject
Global
	GlobalSection(SolutionConfigurationPlatforms) = preSolution
		Debug|Any CPU = Debug|Any CPU
		Debug|x64 = Debug|x64
		Debug|x86 = Debug|x86
		Release|Any CPU = Release|Any CPU
		Release|x64 = Release|x64
		Release|x86 = Release|x86
	EndGlobalSection
	GlobalSection(ProjectConfigurationPlatforms) = postSolution
		{4E18261C-E70B-4DC8-B0B0-6E380350256A}.Debug|Any CPU.ActiveCfg = Debug|Any CPU
		{4E18261C-E70B-4DC8-B0B0-6E380350256A}.Debug|Any CPU.Build.0 = Debug|Any CPU
		{4E18261C-E70B-4DC8-B0B0-6E380350256A}.Debug|x64.ActiveCfg = Debug|x64
		{4E18261C-E70B-4DC8-B0B0-6E380350256A}.Debug|x64.Build.0 = Debug|x64
		{4E18261C-E70B-4DC8-B0B0-6E380350256A}.Debug|x86.ActiveCfg = Debug|x86
		{4E18261C-E70B-4DC8-B0B0-6E380350256A}.Debug|x86.Build.0 = Debug|x86
		{4E18261C-E70B-4DC8-B0B0-6E380350256A}.Release|Any CPU.ActiveCfg = Release|Any CPU
		{4E18261C-E70B-4DC8-B0B0-6E380350256A}.Release|Any CPU.Build.0 = Release|Any CPU
		{4E18261C-E70B-4DC8-B0B0-6E380350256A}.Release|x64.ActiveCfg = Release|x64
		{4E18261C-E70B-4DC8-B0B0-6E380350256A}.Release|x64.Build.0 = Release|x64
		{4E18261C-E70B-4DC8-B0B0-6E380350256A}.Release|x86.ActiveCfg = Release|x86
		{4E18261C-E70B-4DC8-B0B0-6E380350256A}.Release|x86.Build.0 = Release|x86
		{4E18261C-E70B-4DC8-B0B0-6E380350256B}.Debug|Any CPU.ActiveCfg = Debug|Any CPU
		{4E18261C-E70B-4DC8-B0B0-6E380350256B}.Debug|Any CPU.Build.0 = Debug|Any CPU
		{4E18261C-E70B-4DC8-B0B0-6E380350256B}.Debug|x64.ActiveCfg = Debug|Any CPU
		{4E18261C-E70B-4DC8-B0B0-6E380350256B}.Debug|x64.Build.0 = Debug|Any CPU
		{4E18261C-E70B-4DC8-B0B0-6E380350256B}.Debug|x86.ActiveCfg = Debug|Any CPU
		{4E18261C-E70B-4DC8-B0B0-6E380350256B}.Debug|x86.Build.0 = Debug|Any CPU
		{4E18261C-E70B-4DC8-B0B0-6E380350256B}.Release|Any CPU.ActiveCfg = Release|Any CPU
		{4E18261C-E70B-4DC8-B0B0-6E380350256B}.Release|Any CPU.Build.0 = Release|Any CPU
		{4E18261C-E70B-4DC8-B0B0-6E380350256B}.Release|x64.ActiveCfg = Release|Any CPU
		{4E18261C-E70B-4DC8-B0B0-6E380350256B}.Release|x64.Build.0 = Release|Any CPU
		{4E18261C-E70B-4DC8-B0B0-6E380350256B}.Release|x86.ActiveCfg = Release|Any CPU
		{4E18261C-E70B-4DC8-B0B0-6E380350256B}.Release|x86.Build.0 = Release|Any CPU
		{4E18261C-E70B-4DC8-B0B0-6E380350256C}.Debug|Any CPU.ActiveCfg = Debug|Any CPU
		{4E18261C-E70B-4DC8-B0B0-6E380350256C}.Debug|Any CPU.Build.0 = Debug|Any CPU
		{4E18261C-E70B-4DC8-B0B0-6E380350256C}.Debug|x64.ActiveCfg = Debug|x64
		{4E18261C-E70B-4DC8-B0B0-6E380350256C}.Debug|x64.Build.0 = Debug|x64
		{4E18261C-E70B-4DC8-B0B0-6E380350256C}.Debug|x86.ActiveCfg = Debug|x86
		{4E18261C-E70B-4DC8-B0B0-6E380350256C}.Debug|x86.Build.0 = Debug|x86
		{4E18261C-E70B-4DC8-B0B0-6E380350256C}.Release|Any CPU.ActiveCfg = Release|Any CPU
		{4E18261C-E70B-4DC8-B0B0-6E380350256C}.Release|Any CPU.Build.0 = Release|Any CPU
		{4E18261C-E70B-4DC8-B0B0-6E380350256C}.Release|x64.ActiveCfg = Release|x64
		{4E18261C-E70B-4DC8-B0B0-6E380350256C}.Release|x64.Build.0 = Release|x64
		{4E18261C-E70B-4DC8-B0B0-6E380350256C}.Release|x86.ActiveCfg = Release|x86
		{4E18261C-E70B-4DC8-B0B0-6E380350256C}.Release|x86.Build.0 = Release|x86
		{827FCC18-A22B-4175-82CD-1233F6DEE8FB}.Debug|Any CPU.ActiveCfg = Debug|Any CPU
		{827FCC18-A22B-4175-82CD-1233F6DEE8FB}.Debug|Any CPU.Build.0 = Debug|Any CPU
		{827FCC18-A22B-4175-82CD-1233F6DEE8FB}.Debug|x64.ActiveCfg = Debug|Any CPU
		{827FCC18-A22B-4175-82CD-1233F6DEE8FB}.Debug|x64.Build.0 = Debug|Any CPU
		{827FCC18-A22B-4175-82CD-1233F6DEE8FB}.Debug|x86.ActiveCfg = Debug|Any CPU
		{827FCC18-A22B-4175-82CD-1233F6DEE8FB}.Debug|x86.Build.0 = Debug|Any CPU
		{827FCC18-A22B-4175-82CD-1233F6DEE8FB}.Release|Any CPU.ActiveCfg = Release|Any CPU
		{827FCC18-A22B-4175-82CD-1233F6DEE8FB}.Release|Any CPU.Build.0 = Release|Any CPU
		{827FCC18-A22B-4175-82CD-1233F6DEE8FB}.Release|x64.ActiveCfg = Release|Any CPU
		{827FCC18-A22B-4175-82CD-1233F6DEE8FB}.Release|x64.Build.0 = Release|Any CPU
		{827FCC18-A22B-4175-82CD-1233F6DEE8FB}.Release|x86.ActiveCfg = Release|Any CPU
		{827FCC18-A22B-4175-82CD-1233F6DEE8FB}.Release|x86.Build.0 = Release|Any CPU
	EndGlobalSection
	GlobalSection(SolutionProperties) = preSolution
		HideSolutionNode = FALSE
	EndGlobalSection
EndGlobal
